
Microsoft Visual Studio Solution File, Format Version 12.00
# Visual Studio Version 16
VisualStudioVersion = 16.0.31911.196
MinimumVisualStudioVersion = 10.0.40219.1
Project("{FAE04EC0-301F-11D3-BF4B-00C04F79EFBC}") = "AspNetWeb_MVC", "AspNetWeb_MVC\AspNetWeb_MVC.csproj", "{A4B64511-57E2-460B-8365-4042344E7640}"
EndProject
Project("{FAE04EC0-301F-11D3-BF4B-00C04F79EFBC}") = "AspNetWeb_Form", "AspNetWeb_Form\AspNetWeb_Form.csproj", "{C110B9C5-F97A-4C6E-A105-36C2F8FE3474}"
EndProject
Project("{FAE04EC0-301F-11D3-BF4B-00C04F79EFBC}") = "AspNetWeb_API", "AspNetWeb_API\AspNetWeb_API.csproj", "{9B89513E-FBE9-4263-9C4B-2E4EC2E3BADE}"
EndProject
Project("{FAE04EC0-301F-11D3-BF4B-00C04F79EFBC}") = "AspNetMvc_WeChat", "AspNetMvc_WeChat\AspNetMvc_WeChat.csproj", "{44B520A8-CA1E-4E3D-BBA2-E350D42DC5B5}"
EndProject
Project("{FAE04EC0-301F-11D3-BF4B-00C04F79EFBC}") = "AspNetMvc_EFCodeFirst", "AspNetMvc_EFCodeFirst\AspNetMvc_EFCodeFirst.csproj", "{0ED50EB7-5F5D-4900-99A5-7BD1421E4892}"
EndProject
Project("{00D1A9C2-B5F0-4AF3-8072-F6C62B433612}") = "AspNetMvc_EFdbFirst_DB", "AspNetMvc_EFdbFirst_DB\AspNetMvc_EFdbFirst_DB.sqlproj", "{A11206B0-913C-4579-B85A-441098BDD038}"
EndProject
Project("{FAE04EC0-301F-11D3-BF4B-00C04F79EFBC}") = "AspNetMvc_EFdbFirst", "AspNetMvc_EFdbFirst\AspNetMvc_EFdbFirst.csproj", "{5160D5A5-1DF1-4ADE-83E2-898492A0583B}"
EndProject
Project("{FAE04EC0-301F-11D3-BF4B-00C04F79EFBC}") = "AspNetMvc_OAuth", "AspNetMvc_OAuth\AspNetMvc_OAuth.csproj", "{C77C7B00-6ECE-4887-8259-AD79A703EACA}"
EndProject
Project("{FAE04EC0-301F-11D3-BF4B-00C04F79EFBC}") = "AspNetMvc_WeChat_Base", "AspNetMvc_WeChat_Base\AspNetMvc_WeChat_Base.csproj", "{691055EE-273A-48FF-9418-29D9B67900FC}"
EndProject
Global
	GlobalSection(SolutionConfigurationPlatforms) = preSolution
		Debug|Any CPU = Debug|Any CPU
		Release|Any CPU = Release|Any CPU
	EndGlobalSection
	GlobalSection(ProjectConfigurationPlatforms) = postSolution
		{A4B64511-57E2-460B-8365-4042344E7640}.Debug|Any CPU.ActiveCfg = Debug|Any CPU
		{A4B64511-57E2-460B-8365-4042344E7640}.Debug|Any CPU.Build.0 = Debug|Any CPU
		{A4B64511-57E2-460B-8365-4042344E7640}.Release|Any CPU.ActiveCfg = Release|Any CPU
		{A4B64511-57E2-460B-8365-4042344E7640}.Release|Any CPU.Build.0 = Release|Any CPU
		{C110B9C5-F97A-4C6E-A105-36C2F8FE3474}.Debug|Any CPU.ActiveCfg = Debug|Any CPU
		{C110B9C5-F97A-4C6E-A105-36C2F8FE3474}.Debug|Any CPU.Build.0 = Debug|Any CPU
		{C110B9C5-F97A-4C6E-A105-36C2F8FE3474}.Release|Any CPU.ActiveCfg = Release|Any CPU
		{C110B9C5-F97A-4C6E-A105-36C2F8FE3474}.Release|Any CPU.Build.0 = Release|Any CPU
		{9B89513E-FBE9-4263-9C4B-2E4EC2E3BADE}.Debug|Any CPU.ActiveCfg = Debug|Any CPU
		{9B89513E-FBE9-4263-9C4B-2E4EC2E3BADE}.Debug|Any CPU.Build.0 = Debug|Any CPU
		{9B89513E-FBE9-4263-9C4B-2E4EC2E3BADE}.Release|Any CPU.ActiveCfg = Release|Any CPU
		{9B89513E-FBE9-4263-9C4B-2E4EC2E3BADE}.Release|Any CPU.Build.0 = Release|Any CPU
		{44B520A8-CA1E-4E3D-BBA2-E350D42DC5B5}.Debug|Any CPU.ActiveCfg = Debug|Any CPU
		{44B520A8-CA1E-4E3D-BBA2-E350D42DC5B5}.Debug|Any CPU.Build.0 = Debug|Any CPU
		{44B520A8-CA1E-4E3D-BBA2-E350D42DC5B5}.Release|Any CPU.ActiveCfg = Release|Any CPU
		{44B520A8-CA1E-4E3D-BBA2-E350D42DC5B5}.Release|Any CPU.Build.0 = Release|Any CPU
		{0ED50EB7-5F5D-4900-99A5-7BD1421E4892}.Debug|Any CPU.ActiveCfg = Debug|Any CPU
		{0ED50EB7-5F5D-4900-99A5-7BD1421E4892}.Debug|Any CPU.Build.0 = Debug|Any CPU
		{0ED50EB7-5F5D-4900-99A5-7BD1421E4892}.Release|Any CPU.ActiveCfg = Release|Any CPU
		{0ED50EB7-5F5D-4900-99A5-7BD1421E4892}.Release|Any CPU.Build.0 = Release|Any CPU
		{A11206B0-913C-4579-B85A-441098BDD038}.Debug|Any CPU.ActiveCfg = Debug|Any CPU
		{A11206B0-913C-4579-B85A-441098BDD038}.Debug|Any CPU.Build.0 = Debug|Any CPU
		{A11206B0-913C-4579-B85A-441098BDD038}.Debug|Any CPU.Deploy.0 = Debug|Any CPU
		{A11206B0-913C-4579-B85A-441098BDD038}.Release|Any CPU.ActiveCfg = Release|Any CPU
		{A11206B0-913C-4579-B85A-441098BDD038}.Release|Any CPU.Build.0 = Release|Any CPU
		{A11206B0-913C-4579-B85A-441098BDD038}.Release|Any CPU.Deploy.0 = Release|Any CPU
		{5160D5A5-1DF1-4ADE-83E2-898492A0583B}.Debug|Any CPU.ActiveCfg = Debug|Any CPU
		{5160D5A5-1DF1-4ADE-83E2-898492A0583B}.Debug|Any CPU.Build.0 = Debug|Any CPU
		{5160D5A5-1DF1-4ADE-83E2-898492A0583B}.Release|Any CPU.ActiveCfg = Release|Any CPU
		{5160D5A5-1DF1-4ADE-83E2-898492A0583B}.Release|Any CPU.Build.0 = Release|Any CPU
		{C77C7B00-6ECE-4887-8259-AD79A703EACA}.Debug|Any CPU.ActiveCfg = Debug|Any CPU
		{C77C7B00-6ECE-4887-8259-AD79A703EACA}.Debug|Any CPU.Build.0 = Debug|Any CPU
		{C77C7B00-6ECE-4887-8259-AD79A703EACA}.Release|Any CPU.ActiveCfg = Release|Any CPU
		{C77C7B00-6ECE-4887-8259-AD79A703EACA}.Release|Any CPU.Build.0 = Release|Any CPU
		{691055EE-273A-48FF-9418-29D9B67900FC}.Debug|Any CPU.ActiveCfg = Debug|Any CPU
		{691055EE-273A-48FF-9418-29D9B67900FC}.Debug|Any CPU.Build.0 = Debug|Any CPU
		{691055EE-273A-48FF-9418-29D9B67900FC}.Release|Any CPU.ActiveCfg = Release|Any CPU
		{691055EE-273A-48FF-9418-29D9B67900FC}.Release|Any CPU.Build.0 = Release|Any CPU
	EndGlobalSection
	GlobalSection(SolutionProperties) = preSolution
		HideSolutionNode = FALSE
	EndGlobalSection
	GlobalSection(ExtensibilityGlobals) = postSolution
		SolutionGuid = {746FC29C-BCA3-450A-9557-957FD8F0A7C2}
	EndGlobalSection
EndGlobal
